// !$*UTF8*$!
{
	archiveVersion = 1;
	classes = {
	};
	objectVersion = 46;
	objects = {

/* Begin PBXBuildFile section */
		3AA65B9C1796EB0800A4DFC1 /* UIKit.framework in Frameworks */ = {isa = PBXBuildFile; fileRef = 3AA65B9B1796EB0800A4DFC1 /* UIKit.framework */; };
		3AA65B9E1796EB0800A4DFC1 /* Foundation.framework in Frameworks */ = {isa = PBXBuildFile; fileRef = 3AA65B9D1796EB0800A4DFC1 /* Foundation.framework */; };
		3AA65BA01796EB0800A4DFC1 /* CoreGraphics.framework in Frameworks */ = {isa = PBXBuildFile; fileRef = 3AA65B9F1796EB0800A4DFC1 /* CoreGraphics.framework */; };
		3AA65BA61796EB0800A4DFC1 /* InfoPlist.strings in Resources */ = {isa = PBXBuildFile; fileRef = 3AA65BA41796EB0800A4DFC1 /* InfoPlist.strings */; };
		3AA65BA81796EB0800A4DFC1 /* main.m in Sources */ = {isa = PBXBuildFile; fileRef = 3AA65BA71796EB0800A4DFC1 /* main.m */; };
		3AA65BAC1796EB0800A4DFC1 /* SpotAppDelegate.m in Sources */ = {isa = PBXBuildFile; fileRef = 3AA65BAB1796EB0800A4DFC1 /* SpotAppDelegate.m */; };
		3AA65BAE1796EB0800A4DFC1 /* Default.png in Resources */ = {isa = PBXBuildFile; fileRef = 3AA65BAD1796EB0800A4DFC1 /* Default.png */; };
		3AA65BB01796EB0800A4DFC1 /* Default@2x.png in Resources */ = {isa = PBXBuildFile; fileRef = 3AA65BAF1796EB0800A4DFC1 /* Default@2x.png */; };
		3AA65BB21796EB0800A4DFC1 /* Default-568h@2x.png in Resources */ = {isa = PBXBuildFile; fileRef = 3AA65BB11796EB0800A4DFC1 /* Default-568h@2x.png */; };
		3AA65BB51796EB0800A4DFC1 /* MainStoryboard.storyboard in Resources */ = {isa = PBXBuildFile; fileRef = 3AA65BB31796EB0800A4DFC1 /* MainStoryboard.storyboard */; };
		3AA65BB81796EB0800A4DFC1 /* SpotFeaturedViewController.m in Sources */ = {isa = PBXBuildFile; fileRef = 3AA65BB71796EB0800A4DFC1 /* SpotFeaturedViewController.m */; };
		3AA65BBA1796EB0800A4DFC1 /* first.png in Resources */ = {isa = PBXBuildFile; fileRef = 3AA65BB91796EB0800A4DFC1 /* first.png */; };
		3AA65BBC1796EB0800A4DFC1 /* first@2x.png in Resources */ = {isa = PBXBuildFile; fileRef = 3AA65BBB1796EB0800A4DFC1 /* first@2x.png */; };
		3AA65BBF1796EB0800A4DFC1 /* SpotRecentViewController.m in Sources */ = {isa = PBXBuildFile; fileRef = 3AA65BBE1796EB0800A4DFC1 /* SpotRecentViewController.m */; };
		3AA65BC11796EB0800A4DFC1 /* second.png in Resources */ = {isa = PBXBuildFile; fileRef = 3AA65BC01796EB0800A4DFC1 /* second.png */; };
		3AA65BC31796EB0800A4DFC1 /* second@2x.png in Resources */ = {isa = PBXBuildFile; fileRef = 3AA65BC21796EB0800A4DFC1 /* second@2x.png */; };
		3AA65BD717987BC700A4DFC1 /* ImageViewController.m in Sources */ = {isa = PBXBuildFile; fileRef = 3AA65BD617987BC600A4DFC1 /* ImageViewController.m */; };
		3AA65BDC17987FA700A4DFC1 /* FlickrFetcher.m in Sources */ = {isa = PBXBuildFile; fileRef = 3AA65BDB17987FA700A4DFC1 /* FlickrFetcher.m */; };
		3AA65BDF179B104D00A4DFC1 /* SpotRecentVCSubclass.m in Sources */ = {isa = PBXBuildFile; fileRef = 3AA65BDE179B104D00A4DFC1 /* SpotRecentVCSubclass.m */; };
		3AA65BE2179C1D1C00A4DFC1 /* FeatureCategoryVC.m in Sources */ = {isa = PBXBuildFile; fileRef = 3AA65BE1179C1D1C00A4DFC1 /* FeatureCategoryVC.m */; };
		3AA65BE5179C1F9C00A4DFC1 /* FeatureCategoryVCSubClass.m in Sources */ = {isa = PBXBuildFile; fileRef = 3AA65BE4179C1F9C00A4DFC1 /* FeatureCategoryVCSubClass.m */; };
		3AA65BE817A0785100A4DFC1 /* FeatureCategoryPhotosVC.m in Sources */ = {isa = PBXBuildFile; fileRef = 3AA65BE717A0785100A4DFC1 /* FeatureCategoryPhotosVC.m */; };
		3ABDE39817BA79C500D3E129 /* PhotoCache.m in Sources */ = {isa = PBXBuildFile; fileRef = 3ABDE39717BA79C500D3E129 /* PhotoCache.m */; };
/* End PBXBuildFile section */

/* Begin PBXFileReference section */
		3AA65B981796EB0800A4DFC1 /* SpotFast.app */ = {isa = PBXFileReference; explicitFileType = wrapper.application; includeInIndex = 0; path = SpotFast.app; sourceTree = BUILT_PRODUCTS_DIR; };
		3AA65B9B1796EB0800A4DFC1 /* UIKit.framework */ = {isa = PBXFileReference; lastKnownFileType = wrapper.framework; name = UIKit.framework; path = System/Library/Frameworks/UIKit.framework; sourceTree = SDKROOT; };
		3AA65B9D1796EB0800A4DFC1 /* Foundation.framework */ = {isa = PBXFileReference; lastKnownFileType = wrapper.framework; name = Foundation.framework; path = System/Library/Frameworks/Foundation.framework; sourceTree = SDKROOT; };
		3AA65B9F1796EB0800A4DFC1 /* CoreGraphics.framework */ = {isa = PBXFileReference; lastKnownFileType = wrapper.framework; name = CoreGraphics.framework; path = System/Library/Frameworks/CoreGraphics.framework; sourceTree = SDKROOT; };
		3AA65BA31796EB0800A4DFC1 /* SpotFast-Info.plist */ = {isa = PBXFileReference; lastKnownFileType = text.plist.xml; path = "SpotFast-Info.plist"; sourceTree = "<group>"; };
		3AA65BA51796EB0800A4DFC1 /* en */ = {isa = PBXFileReference; lastKnownFileType = text.plist.strings; name = en; path = en.lproj/InfoPlist.strings; sourceTree = "<group>"; };
		3AA65BA71796EB0800A4DFC1 /* main.m */ = {isa = PBXFileReference; lastKnownFileType = sourcecode.c.objc; path = main.m; sourceTree = "<group>"; };
		3AA65BA91796EB0800A4DFC1 /* SpotFast-Prefix.pch */ = {isa = PBXFileReference; lastKnownFileType = sourcecode.c.h; path = "SpotFast-Prefix.pch"; sourceTree = "<group>"; };
		3AA65BAA1796EB0800A4DFC1 /* SpotAppDelegate.h */ = {isa = PBXFileReference; lastKnownFileType = sourcecode.c.h; path = SpotAppDelegate.h; sourceTree = "<group>"; };
		3AA65BAB1796EB0800A4DFC1 /* SpotAppDelegate.m */ = {isa = PBXFileReference; lastKnownFileType = sourcecode.c.objc; path = SpotAppDelegate.m; sourceTree = "<group>"; };
		3AA65BAD1796EB0800A4DFC1 /* Default.png */ = {isa = PBXFileReference; lastKnownFileType = image.png; path = Default.png; sourceTree = "<group>"; };
		3AA65BAF1796EB0800A4DFC1 /* Default@2x.png */ = {isa = PBXFileReference; lastKnownFileType = image.png; path = "Default@2x.png"; sourceTree = "<group>"; };
		3AA65BB11796EB0800A4DFC1 /* Default-568h@2x.png */ = {isa = PBXFileReference; lastKnownFileType = image.png; path = "Default-568h@2x.png"; sourceTree = "<group>"; };
		3AA65BB41796EB0800A4DFC1 /* en */ = {isa = PBXFileReference; lastKnownFileType = file.storyboard; name = en; path = en.lproj/MainStoryboard.storyboard; sourceTree = "<group>"; };
		3AA65BB61796EB0800A4DFC1 /* SpotFeaturedViewController.h */ = {isa = PBXFileReference; lastKnownFileType = sourcecode.c.h; path = SpotFeaturedViewController.h; sourceTree = "<group>"; };
		3AA65BB71796EB0800A4DFC1 /* SpotFeaturedViewController.m */ = {isa = PBXFileReference; lastKnownFileType = sourcecode.c.objc; path = SpotFeaturedViewController.m; sourceTree = "<group>"; };
		3AA65BB91796EB0800A4DFC1 /* first.png */ = {isa = PBXFileReference; lastKnownFileType = image.png; path = first.png; sourceTree = "<group>"; };
		3AA65BBB1796EB0800A4DFC1 /* first@2x.png */ = {isa = PBXFileReference; lastKnownFileType = image.png; path = "first@2x.png"; sourceTree = "<group>"; };
		3AA65BBD1796EB0800A4DFC1 /* SpotRecentViewController.h */ = {isa = PBXFileReference; lastKnownFileType = sourcecode.c.h; path = SpotRecentViewController.h; sourceTree = "<group>"; };
		3AA65BBE1796EB0800A4DFC1 /* SpotRecentViewController.m */ = {isa = PBXFileReference; lastKnownFileType = sourcecode.c.objc; path = SpotRecentViewController.m; sourceTree = "<group>"; };
		3AA65BC01796EB0800A4DFC1 /* second.png */ = {isa = PBXFileReference; lastKnownFileType = image.png; path = second.png; sourceTree = "<group>"; };
		3AA65BC21796EB0800A4DFC1 /* second@2x.png */ = {isa = PBXFileReference; lastKnownFileType = image.png; path = "second@2x.png"; sourceTree = "<group>"; };
		3AA65BD517987BB500A4DFC1 /* ImageViewController.h */ = {isa = PBXFileReference; fileEncoding = 4; lastKnownFileType = sourcecode.c.h; path = ImageViewController.h; sourceTree = "<group>"; };
		3AA65BD617987BC600A4DFC1 /* ImageViewController.m */ = {isa = PBXFileReference; fileEncoding = 4; lastKnownFileType = sourcecode.c.objc; path = ImageViewController.m; sourceTree = "<group>"; };
		3AA65BD917987F8B00A4DFC1 /* FlickrAPIKey.h */ = {isa = PBXFileReference; fileEncoding = 4; lastKnownFileType = sourcecode.c.h; path = FlickrAPIKey.h; sourceTree = "<group>"; };
		3AA65BDA17987F9A00A4DFC1 /* FlickrFetcher.h */ = {isa = PBXFileReference; fileEncoding = 4; lastKnownFileType = sourcecode.c.h; path = FlickrFetcher.h; sourceTree = "<group>"; };
		3AA65BDB17987FA700A4DFC1 /* FlickrFetcher.m */ = {isa = PBXFileReference; fileEncoding = 4; lastKnownFileType = sourcecode.c.objc; path = FlickrFetcher.m; sourceTree = "<group>"; };
		3AA65BDD179B104D00A4DFC1 /* SpotRecentVCSubclass.h */ = {isa = PBXFileReference; fileEncoding = 4; lastKnownFileType = sourcecode.c.h; path = SpotRecentVCSubclass.h; sourceTree = "<group>"; };
		3AA65BDE179B104D00A4DFC1 /* SpotRecentVCSubclass.m */ = {isa = PBXFileReference; fileEncoding = 4; lastKnownFileType = sourcecode.c.objc; path = SpotRecentVCSubclass.m; sourceTree = "<group>"; };
		3AA65BE0179C1D1C00A4DFC1 /* FeatureCategoryVC.h */ = {isa = PBXFileReference; fileEncoding = 4; lastKnownFileType = sourcecode.c.h; name = FeatureCategoryVC.h; path = ../FeatureCategoryVC.h; sourceTree = "<group>"; };
		3AA65BE1179C1D1C00A4DFC1 /* FeatureCategoryVC.m */ = {isa = PBXFileReference; fileEncoding = 4; lastKnownFileType = sourcecode.c.objc; name = FeatureCategoryVC.m; path = ../FeatureCategoryVC.m; sourceTree = "<group>"; };
		3AA65BE3179C1F9C00A4DFC1 /* FeatureCategoryVCSubClass.h */ = {isa = PBXFileReference; fileEncoding = 4; lastKnownFileType = sourcecode.c.h; path = FeatureCategoryVCSubClass.h; sourceTree = "<group>"; };
		3AA65BE4179C1F9C00A4DFC1 /* FeatureCategoryVCSubClass.m */ = {isa = PBXFileReference; fileEncoding = 4; lastKnownFileType = sourcecode.c.objc; path = FeatureCategoryVCSubClass.m; sourceTree = "<group>"; };
		3AA65BE617A0785000A4DFC1 /* FeatureCategoryPhotosVC.h */ = {isa = PBXFileReference; fileEncoding = 4; lastKnownFileType = sourcecode.c.h; path = FeatureCategoryPhotosVC.h; sourceTree = "<group>"; };
		3AA65BE717A0785100A4DFC1 /* FeatureCategoryPhotosVC.m */ = {isa = PBXFileReference; fileEncoding = 4; lastKnownFileType = sourcecode.c.objc; path = FeatureCategoryPhotosVC.m; sourceTree = "<group>"; };
		3ABDE39617BA79C500D3E129 /* PhotoCache.h */ = {isa = PBXFileReference; fileEncoding = 4; lastKnownFileType = sourcecode.c.h; path = PhotoCache.h; sourceTree = "<group>"; };
		3ABDE39717BA79C500D3E129 /* PhotoCache.m */ = {isa = PBXFileReference; fileEncoding = 4; lastKnownFileType = sourcecode.c.objc; path = PhotoCache.m; sourceTree = "<group>"; };
/* End PBXFileReference section */

/* Begin PBXFrameworksBuildPhase section */
		3AA65B951796EB0800A4DFC1 /* Frameworks */ = {
			isa = PBXFrameworksBuildPhase;
			buildActionMask = 2147483647;
			files = (
				3AA65B9C1796EB0800A4DFC1 /* UIKit.framework in Frameworks */,
				3AA65B9E1796EB0800A4DFC1 /* Foundation.framework in Frameworks */,
				3AA65BA01796EB0800A4DFC1 /* CoreGraphics.framework in Frameworks */,
			);
			runOnlyForDeploymentPostprocessing = 0;
		};
/* End PBXFrameworksBuildPhase section */

/* Begin PBXGroup section */
		3AA65B8F1796EB0800A4DFC1 = {
			isa = PBXGroup;
			children = (
				3AA65BA11796EB0800A4DFC1 /* Spot */,
				3AA65B9A1796EB0800A4DFC1 /* Frameworks */,
				3AA65B991796EB0800A4DFC1 /* Products */,
			);
			sourceTree = "<group>";
		};
		3AA65B991796EB0800A4DFC1 /* Products */ = {
			isa = PBXGroup;
			children = (
				3AA65B981796EB0800A4DFC1 /* SpotFast.app */,
			);
			name = Products;
			sourceTree = "<group>";
		};
		3AA65B9A1796EB0800A4DFC1 /* Frameworks */ = {
			isa = PBXGroup;
			children = (
				3AA65B9B1796EB0800A4DFC1 /* UIKit.framework */,
				3AA65B9D1796EB0800A4DFC1 /* Foundation.framework */,
				3AA65B9F1796EB0800A4DFC1 /* CoreGraphics.framework */,
			);
			name = Frameworks;
			sourceTree = "<group>";
		};
		3AA65BA11796EB0800A4DFC1 /* Spot */ = {
			isa = PBXGroup;
			children = (
				3AA65BAA1796EB0800A4DFC1 /* SpotAppDelegate.h */,
				3AA65BAB1796EB0800A4DFC1 /* SpotAppDelegate.m */,
				3AA65BB31796EB0800A4DFC1 /* MainStoryboard.storyboard */,
				3AA65BE3179C1F9C00A4DFC1 /* FeatureCategoryVCSubClass.h */,
				3AA65BE4179C1F9C00A4DFC1 /* FeatureCategoryVCSubClass.m */,
				3AA65BE0179C1D1C00A4DFC1 /* FeatureCategoryVC.h */,
				3AA65BE1179C1D1C00A4DFC1 /* FeatureCategoryVC.m */,
				3AA65BB61796EB0800A4DFC1 /* SpotFeaturedViewController.h */,
				3AA65BB71796EB0800A4DFC1 /* SpotFeaturedViewController.m */,
				3AA65BD517987BB500A4DFC1 /* ImageViewController.h */,
				3AA65BD617987BC600A4DFC1 /* ImageViewController.m */,
				3AA65BB91796EB0800A4DFC1 /* first.png */,
				3AA65BBB1796EB0800A4DFC1 /* first@2x.png */,
				3ABDE39617BA79C500D3E129 /* PhotoCache.h */,
				3ABDE39717BA79C500D3E129 /* PhotoCache.m */,
				3AA65BE617A0785000A4DFC1 /* FeatureCategoryPhotosVC.h */,
				3AA65BE717A0785100A4DFC1 /* FeatureCategoryPhotosVC.m */,
				3AA65BBD1796EB0800A4DFC1 /* SpotRecentViewController.h */,
				3AA65BBE1796EB0800A4DFC1 /* SpotRecentViewController.m */,
				3AA65BDD179B104D00A4DFC1 /* SpotRecentVCSubclass.h */,
				3AA65BDE179B104D00A4DFC1 /* SpotRecentVCSubclass.m */,
				3AA65BC01796EB0800A4DFC1 /* second.png */,
				3AA65BC21796EB0800A4DFC1 /* second@2x.png */,
				3AA65BD817987F3E00A4DFC1 /* FlickrFetcher */,
				3AA65BA21796EB0800A4DFC1 /* Supporting Files */,
			);
			path = Spot;
			sourceTree = "<group>";
		};
		3AA65BA21796EB0800A4DFC1 /* Supporting Files */ = {
			isa = PBXGroup;
			children = (
				3AA65BA31796EB0800A4DFC1 /* SpotFast-Info.plist */,
				3AA65BA41796EB0800A4DFC1 /* InfoPlist.strings */,
				3AA65BA71796EB0800A4DFC1 /* main.m */,
				3AA65BA91796EB0800A4DFC1 /* SpotFast-Prefix.pch */,
				3AA65BAD1796EB0800A4DFC1 /* Default.png */,
				3AA65BAF1796EB0800A4DFC1 /* Default@2x.png */,
				3AA65BB11796EB0800A4DFC1 /* Default-568h@2x.png */,
			);
			name = "Supporting Files";
			sourceTree = "<group>";
		};
		3AA65BD817987F3E00A4DFC1 /* FlickrFetcher */ = {
			isa = PBXGroup;
			children = (
				3AA65BDB17987FA700A4DFC1 /* FlickrFetcher.m */,
				3AA65BDA17987F9A00A4DFC1 /* FlickrFetcher.h */,
				3AA65BD917987F8B00A4DFC1 /* FlickrAPIKey.h */,
			);
			name = FlickrFetcher;
			sourceTree = "<group>";
		};
/* End PBXGroup section */

/* Begin PBXNativeTarget section */
		3AA65B971796EB0800A4DFC1 /* SpotFast */ = {
			isa = PBXNativeTarget;
			buildConfigurationList = 3AA65BC61796EB0800A4DFC1 /* Build configuration list for PBXNativeTarget "SpotFast" */;
			buildPhases = (
				3AA65B941796EB0800A4DFC1 /* Sources */,
				3AA65B951796EB0800A4DFC1 /* Frameworks */,
				3AA65B961796EB0800A4DFC1 /* Resources */,
			);
			buildRules = (
			);
			dependencies = (
			);
			name = SpotFast;
			productName = Spot;
			productReference = 3AA65B981796EB0800A4DFC1 /* SpotFast.app */;
			productType = "com.apple.product-type.application";
		};
/* End PBXNativeTarget section */

/* Begin PBXProject section */
		3AA65B901796EB0800A4DFC1 /* Project object */ = {
			isa = PBXProject;
			attributes = {
				CLASSPREFIX = Spot;
				LastUpgradeCheck = 0460;
				ORGANIZATIONNAME = "John Lemay";
			};
			buildConfigurationList = 3AA65B931796EB0800A4DFC1 /* Build configuration list for PBXProject "SpotFast" */;
			compatibilityVersion = "Xcode 3.2";
			developmentRegion = English;
			hasScannedForEncodings = 0;
			knownRegions = (
				en,
			);
			mainGroup = 3AA65B8F1796EB0800A4DFC1;
			productRefGroup = 3AA65B991796EB0800A4DFC1 /* Products */;
			projectDirPath = "";
			projectRoot = "";
			targets = (
				3AA65B971796EB0800A4DFC1 /* SpotFast */,
			);
		};
/* End PBXProject section */

/* Begin PBXResourcesBuildPhase section */
		3AA65B961796EB0800A4DFC1 /* Resources */ = {
			isa = PBXResourcesBuildPhase;
			buildActionMask = 2147483647;
			files = (
				3AA65BA61796EB0800A4DFC1 /* InfoPlist.strings in Resources */,
				3AA65BAE1796EB0800A4DFC1 /* Default.png in Resources */,
				3AA65BB01796EB0800A4DFC1 /* Default@2x.png in Resources */,
				3AA65BB21796EB0800A4DFC1 /* Default-568h@2x.png in Resources */,
				3AA65BB51796EB0800A4DFC1 /* MainStoryboard.storyboard in Resources */,
				3AA65BBA1796EB0800A4DFC1 /* first.png in Resources */,
				3AA65BBC1796EB0800A4DFC1 /* first@2x.png in Resources */,
				3AA65BC11796EB0800A4DFC1 /* second.png in Resources */,
				3AA65BC31796EB0800A4DFC1 /* second@2x.png in Resources */,
			);
			runOnlyForDeploymentPostprocessing = 0;
		};
/* End PBXResourcesBuildPhase section */

/* Begin PBXSourcesBuildPhase section */
		3AA65B941796EB0800A4DFC1 /* Sources */ = {
			isa = PBXSourcesBuildPhase;
			buildActionMask = 2147483647;
			files = (
				3AA65BA81796EB0800A4DFC1 /* main.m in Sources */,
				3AA65BAC1796EB0800A4DFC1 /* SpotAppDelegate.m in Sources */,
				3AA65BB81796EB0800A4DFC1 /* SpotFeaturedViewController.m in Sources */,
				3AA65BBF1796EB0800A4DFC1 /* SpotRecentViewController.m in Sources */,
				3AA65BD717987BC700A4DFC1 /* ImageViewController.m in Sources */,
				3AA65BDC17987FA700A4DFC1 /* FlickrFetcher.m in Sources */,
				3AA65BDF179B104D00A4DFC1 /* SpotRecentVCSubclass.m in Sources */,
				3AA65BE2179C1D1C00A4DFC1 /* FeatureCategoryVC.m in Sources */,
				3AA65BE5179C1F9C00A4DFC1 /* FeatureCategoryVCSubClass.m in Sources */,
				3AA65BE817A0785100A4DFC1 /* FeatureCategoryPhotosVC.m in Sources */,
				3ABDE39817BA79C500D3E129 /* PhotoCache.m in Sources */,
			);
			runOnlyForDeploymentPostprocessing = 0;
		};
/* End PBXSourcesBuildPhase section */

/* Begin PBXVariantGroup section */
		3AA65BA41796EB0800A4DFC1 /* InfoPlist.strings */ = {
			isa = PBXVariantGroup;
			children = (
				3AA65BA51796EB0800A4DFC1 /* en */,
			);
			name = InfoPlist.strings;
			sourceTree = "<group>";
		};
		3AA65BB31796EB0800A4DFC1 /* MainStoryboard.storyboard */ = {
			isa = PBXVariantGroup;
			children = (
				3AA65BB41796EB0800A4DFC1 /* en */,
			);
			name = MainStoryboard.storyboard;
			sourceTree = "<group>";
		};
/* End PBXVariantGroup section */

/* Begin XCBuildConfiguration section */
		3AA65BC41796EB0800A4DFC1 /* Debug */ = {
			isa = XCBuildConfiguration;
			buildSettings = {
				ALWAYS_SEARCH_USER_PATHS = NO;
				CLANG_CXX_LANGUAGE_STANDARD = "gnu++0x";
				CLANG_CXX_LIBRARY = "libc++";
				CLANG_ENABLE_OBJC_ARC = YES;
				CLANG_WARN_CONSTANT_CONVERSION = YES;
				CLANG_WARN_EMPTY_BODY = YES;
				CLANG_WARN_ENUM_CONVERSION = YES;
				CLANG_WARN_INT_CONVERSION = YES;
				CLANG_WARN__DUPLICATE_METHOD_MATCH = YES;
				"CODE_SIGN_IDENTITY[sdk=iphoneos*]" = "iPhone Developer";
				COPY_PHASE_STRIP = NO;
				GCC_C_LANGUAGE_STANDARD = gnu99;
				GCC_DYNAMIC_NO_PIC = NO;
				GCC_OPTIMIZATION_LEVEL = 0;
				GCC_PREPROCESSOR_DEFINITIONS = (
					"DEBUG=1",
					"$(inherited)",
				);
				GCC_SYMBOLS_PRIVATE_EXTERN = NO;
				GCC_WARN_ABOUT_RETURN_TYPE = YES;
				GCC_WARN_UNINITIALIZED_AUTOS = YES;
				GCC_WARN_UNUSED_VARIABLE = YES;
				IPHONEOS_DEPLOYMENT_TARGET = 6.1;
				ONLY_ACTIVE_ARCH = YES;
				SDKROOT = iphoneos;
			};
			name = Debug;
		};
		3AA65BC51796EB0800A4DFC1 /* Release */ = {
			isa = XCBuildConfiguration;
			buildSettings = {
				ALWAYS_SEARCH_USER_PATHS = NO;
				CLANG_CXX_LANGUAGE_STANDARD = "gnu++0x";
				CLANG_CXX_LIBRARY = "libc++";
				CLANG_ENABLE_OBJC_ARC = YES;
				CLANG_WARN_CONSTANT_CONVERSION = YES;
				CLANG_WARN_EMPTY_BODY = YES;
				CLANG_WARN_ENUM_CONVERSION = YES;
				CLANG_WARN_INT_CONVERSION = YES;
				CLANG_WARN__DUPLICATE_METHOD_MATCH = YES;
				"CODE_SIGN_IDENTITY[sdk=iphoneos*]" = "iPhone Developer";
				COPY_PHASE_STRIP = YES;
				GCC_C_LANGUAGE_STANDARD = gnu99;
				GCC_WARN_ABOUT_RETURN_TYPE = YES;
				GCC_WARN_UNINITIALIZED_AUTOS = YES;
				GCC_WARN_UNUSED_VARIABLE = YES;
				IPHONEOS_DEPLOYMENT_TARGET = 6.1;
				OTHER_CFLAGS = "-DNS_BLOCK_ASSERTIONS=1";
				SDKROOT = iphoneos;
				VALIDATE_PRODUCT = YES;
			};
			name = Release;
		};
		3AA65BC71796EB0800A4DFC1 /* Debug */ = {
			isa = XCBuildConfiguration;
			buildSettings = {
				GCC_PRECOMPILE_PREFIX_HEADER = YES;
				GCC_PREFIX_HEADER = "Spot/SpotFast-Prefix.pch";
				INFOPLIST_FILE = "Spot/SpotFast-Info.plist";
				PRODUCT_NAME = SpotFast;
				WRAPPER_EXTENSION = app;
			};
			name = Debug;
		};
		3AA65BC81796EB0800A4DFC1 /* Release */ = {
			isa = XCBuildConfiguration;
			buildSettings = {
				GCC_PRECOMPILE_PREFIX_HEADER = YES;
				GCC_PREFIX_HEADER = "Spot/SpotFast-Prefix.pch";
				INFOPLIST_FILE = "Spot/SpotFast-Info.plist";
				PRODUCT_NAME = SpotFast;
				WRAPPER_EXTENSION = app;
			};
			name = Release;
		};
/* End XCBuildConfiguration section */

/* Begin XCConfigurationList section */
		3AA65B931796EB0800A4DFC1 /* Build configuration list for PBXProject "SpotFast" */ = {
			isa = XCConfigurationList;
			buildConfigurations = (
				3AA65BC41796EB0800A4DFC1 /* Debug */,
				3AA65BC51796EB0800A4DFC1 /* Release */,
			);
			defaultConfigurationIsVisible = 0;
			defaultConfigurationName = Release;
		};
		3AA65BC61796EB0800A4DFC1 /* Build configuration list for PBXNativeTarget "SpotFast" */ = {
			isa = XCConfigurationList;
			buildConfigurations = (
				3AA65BC71796EB0800A4DFC1 /* Debug */,
				3AA65BC81796EB0800A4DFC1 /* Release */,
			);
			defaultConfigurationIsVisible = 0;
			defaultConfigurationName = Release;
		};
/* End XCConfigurationList section */
	};
	rootObject = 3AA65B901796EB0800A4DFC1 /* Project object */;
}
